<?xml version="1.0" encoding="UTF-8"?>
<Scheme
   version = "1.3">
   <BuildAction>
      <BuildActionEntries>
         <BuildActionEntry
            buildForRunning = "YES">
            <BuildableReference
               BuildableIdentifier = "primary"
               BlueprintIdentifier = "9C1BE0C1BAFC5B97B7555916"
               BuildableName = "TestTaskAviasales.app"
               BlueprintName = "TestTaskAviasales"
               ReferencedContainer = "container:TestTaskAviasales.xcodeproj">
            </BuildableReference>
         </BuildActionEntry>
      </BuildActionEntries>
   </BuildAction>
   <LaunchAction
      useCustomWorkingDirectory = "NO"
      buildConfiguration = "Debug"
      allowLocationSimulation = "YES">
      <BuildableProductRunnable>
         <BuildableReference
            BuildableIdentifier = "primary"
            BlueprintIdentifier = "9C1BE0C1BAFC5B97B7555916"
            BuildableName = "TestTaskAviasales.app"
            BlueprintName = "TestTaskAviasales"
            ReferencedContainer = "container:TestTaskAviasales.xcodeproj">
         </BuildableReference>
      </BuildableProductRunnable>
   </LaunchAction>
</Scheme>
